
Microsoft Visual Studio Solution File, Format Version 12.00
# Visual Studio 15
VisualStudioVersion = 15.0.28307.539
MinimumVisualStudioVersion = 10.0.40219.1
Project("{888888A0-9F3D-457C-B088-3A5042F75D52}") = "backup_ver1", "backup_ver1\backup_ver1.pyproj", "{3DAF3989-C5EA-43B8-AD5A-3418C7DE76F3}"
EndProject
Global
	GlobalSection(SolutionConfigurationPlatforms) = preSolution
		Debug|Any CPU = Debug|Any CPU
		Release|Any CPU = Release|Any CPU
	EndGlobalSection
	GlobalSection(ProjectConfigurationPlatforms) = postSolution
		{3DAF3989-C5EA-43B8-AD5A-3418C7DE76F3}.Debug|Any CPU.ActiveCfg = Debug|Any CPU
		{3DAF3989-C5EA-43B8-AD5A-3418C7DE76F3}.Release|Any CPU.ActiveCfg = Release|Any CPU
	EndGlobalSection
	GlobalSection(SolutionProperties) = preSolution
		HideSolutionNode = FALSE
	EndGlobalSection
	GlobalSection(ExtensibilityGlobals) = postSolution
		SolutionGuid = {D093B3B3-5119-4099-BE97-1BAF17A92E69}
	EndGlobalSection
EndGlobal
